
Microsoft Visual Studio Solution File, Format Version 12.00
# Visual Studio Version 17
VisualStudioVersion = 17.5.002.0
MinimumVisualStudioVersion = 10.0.40219.1
Project("{9A19103F-16F7-4668-BE54-9A1E7A4F7556}") = "VuTienDiep_192", "VuTienDiep_192.csproj", "{AF4ABF8C-ED2C-4D3E-B8AC-A6F36141EB21}"
EndProject
Global
	GlobalSection(SolutionConfigurationPlatforms) = preSolution
		Debug|Any CPU = Debug|Any CPU
		Release|Any CPU = Release|Any CPU
	EndGlobalSection
	GlobalSection(ProjectConfigurationPlatforms) = postSolution
		{AF4ABF8C-ED2C-4D3E-B8AC-A6F36141EB21}.Debug|Any CPU.ActiveCfg = Debug|Any CPU
		{AF4ABF8C-ED2C-4D3E-B8AC-A6F36141EB21}.Debug|Any CPU.Build.0 = Debug|Any CPU
		{AF4ABF8C-ED2C-4D3E-B8AC-A6F36141EB21}.Release|Any CPU.ActiveCfg = Release|Any CPU
		{AF4ABF8C-ED2C-4D3E-B8AC-A6F36141EB21}.Release|Any CPU.Build.0 = Release|Any CPU
	EndGlobalSection
	GlobalSection(SolutionProperties) = preSolution
		HideSolutionNode = FALSE
	EndGlobalSection
	GlobalSection(ExtensibilityGlobals) = postSolution
		SolutionGuid = {2630DF35-3A3C-4B77-805A-D71EFF372DDA}
	EndGlobalSection
EndGlobal
